Microsoft Visual Studio Solution File, Format Version 11.00
# Visual Studio 2008

Project("{59098706-BEED-905A-AD49-B7CD5BB975D5}") = "VRex Play", "Assembly-CSharp.csproj", "{45577C0A-3FAB-FC14-F15A-DD6700F2F5A0}"
EndProject
Project("{59098706-BEED-905A-AD49-B7CD5BB975D5}") = "VRex Play", "Assembly-CSharp-Editor.csproj", "{ED3B6F04-72E1-1364-30CC-9EEBD3A8A164}"
EndProject
Global
	GlobalSection(SolutionConfigurationPlatforms) = preSolution
		Debug|Any CPU = Debug|Any CPU
		Release|Any CPU = Release|Any CPU
	EndGlobalSection
	GlobalSection(ProjectConfigurationPlatforms) = postSolution
		{45577C0A-3FAB-FC14-F15A-DD6700F2F5A0}.Debug|Any CPU.ActiveCfg = Debug|Any CPU
		{45577C0A-3FAB-FC14-F15A-DD6700F2F5A0}.Debug|Any CPU.Build.0 = Debug|Any CPU
		{45577C0A-3FAB-FC14-F15A-DD6700F2F5A0}.Release|Any CPU.ActiveCfg = Release|Any CPU
		{45577C0A-3FAB-FC14-F15A-DD6700F2F5A0}.Release|Any CPU.Build.0 = Release|Any CPU
		{ED3B6F04-72E1-1364-30CC-9EEBD3A8A164}.Debug|Any CPU.ActiveCfg = Debug|Any CPU
		{ED3B6F04-72E1-1364-30CC-9EEBD3A8A164}.Debug|Any CPU.Build.0 = Debug|Any CPU
		{ED3B6F04-72E1-1364-30CC-9EEBD3A8A164}.Release|Any CPU.ActiveCfg = Release|Any CPU
		{ED3B6F04-72E1-1364-30CC-9EEBD3A8A164}.Release|Any CPU.Build.0 = Release|Any CPU
	EndGlobalSection
	GlobalSection(SolutionProperties) = preSolution
		HideSolutionNode = FALSE
	EndGlobalSection
	GlobalSection(MonoDevelopProperties) = preSolution
		StartupItem = Assembly-CSharp.csproj
	EndGlobalSection
EndGlobal
